# THIS IS AN AUTOGENERATED FILE. DO NOT EDIT THIS FILE DIRECTLY.
# yarn lockfile v1


tods-competition-factory@^0.5.60:
  version "0.5.60"
  resolved "https://registry.yarnpkg.com/tods-competition-factory/-/tods-competition-factory-0.5.60.tgz#db043dc3a3dc4b932d0ef23b8ad63943e56c58ff"
  integrity sha512-8pcpxR/F5SdvBaDLRh2VXvVeTHwLw/JFGF9ILtRt4wgwKCWwqHNiIgu2qMZDf1PnFQx5aBTMnaBGpMUm1LQ3vQ==
  dependencies:
    tods-matchup-format-code "^1.0.7"

tods-matchup-format-code@^1.0.7:
  version "1.1.0"
  resolved "https://registry.yarnpkg.com/tods-matchup-format-code/-/tods-matchup-format-code-1.1.0.tgz#dd69cf158d0ea55ada805f542102fb0b121c3a09"
  integrity sha512-FIrWHemDfpGy7P86LE0wVjmR7acoe0joAtmAinuWKeSz4B5cC1hi+cozPjgqxOH9HzLD/149pZ12jrPVbLBRHA==
